# This file is automatically @generated by pesde.
# It is not intended for manual editing.
format = 2
name = "pepeeltoro41/ui_labs_plugin"
version = "0.1.0"
target = "roblox"

[graph."0x5eal/unzip@0.2.0 luau".pkg_ref]
ref_ty = "pesde"
index_url = "https://github.com/pesde-pkg/index"

[graph."0x5eal/unzip@0.2.0 luau".pkg_ref.dependencies]
asciitable = [{ name = "kimpure/asciitable", version = "^0.2.3", index = "https://github.com/pesde-pkg/index" }, "dev"]
dirs = [{ name = "jiwonz/dirs", version = "^0.6.0", index = "https://github.com/pesde-pkg/index", target = "lune" }, "dev"]
frktest = [{ name = "itsfrank/frktest", version = "^0.0.4", index = "https://github.com/pesde-pkg/index" }, "dev"]
luau-lsp = [{ name = "pesde/luau_lsp", version = "=1.53.2", index = "https://github.com/pesde-pkg/index", target = "lune" }, "dev"]
stylua = [{ name = "pesde/stylua", version = "=2.1.0", index = "https://github.com/pesde-pkg/index", target = "lune" }, "dev"]

[graph."jiwonz/dirs@0.6.0 lune".dependencies]
greentea = ["jiwonz/greentea_luau@0.2.0 luau", "standard"]
pathfs = ["jiwonz/pathfs@0.6.0 lune", "standard"]

[graph."jiwonz/dirs@0.6.0 lune".pkg_ref]
ref_ty = "pesde"
index_url = "https://github.com/pesde-pkg/index"

[graph."jiwonz/dirs@0.6.0 lune".pkg_ref.dependencies]
greentea = [{ name = "jiwonz/greentea_luau", version = "^0.2.0", index = "https://github.com/pesde-pkg/index", target = "luau" }, "standard"]
pathfs = [{ name = "jiwonz/pathfs", version = "^0.6.0", index = "https://github.com/pesde-pkg/index" }, "standard"]

[graph."jiwonz/greentea_luau@0.2.0 luau".pkg_ref]
ref_ty = "pesde"
index_url = "https://github.com/pesde-pkg/index"

[graph."jiwonz/luau_disk@0.2.0 luau".pkg_ref]
ref_ty = "pesde"
index_url = "https://github.com/pesde-pkg/index"

[graph."jiwonz/luau_path@0.2.0 luau".dependencies]
luau_disk = ["jiwonz/luau_disk@0.2.0 luau", "standard"]

[graph."jiwonz/luau_path@0.2.0 luau".pkg_ref]
ref_ty = "pesde"
index_url = "https://github.com/pesde-pkg/index"

[graph."jiwonz/luau_path@0.2.0 luau".pkg_ref.dependencies]
luau_disk = [{ name = "jiwonz/luau_disk", version = "^0.2.0", index = "https://github.com/pesde-pkg/index" }, "standard"]

[graph."jiwonz/pathfs@0.6.0 lune".dependencies]
greentea = ["jiwonz/greentea_luau@0.2.0 luau", "standard"]
luau_path = ["jiwonz/luau_path@0.2.0 luau", "standard"]

[graph."jiwonz/pathfs@0.6.0 lune".pkg_ref]
ref_ty = "pesde"
index_url = "https://github.com/pesde-pkg/index"

[graph."jiwonz/pathfs@0.6.0 lune".pkg_ref.dependencies]
frktest = [{ name = "itsfrank/frktest", version = "^0.0.4", index = "https://github.com/pesde-pkg/index", target = "luau" }, "dev"]
greentea = [{ name = "jiwonz/greentea_luau", version = "^0.2.0", index = "https://github.com/pesde-pkg/index", target = "luau" }, "standard"]
luau_path = [{ name = "jiwonz/luau_path", version = "^0.2.0", index = "https://github.com/pesde-pkg/index", target = "luau" }, "standard"]

[graph."lukadev_0/option@1.2.1 lune".pkg_ref]
ref_ty = "pesde"
index_url = "https://github.com/pesde-pkg/index"

[graph."lukadev_0/result@1.2.1 lune".pkg_ref]
ref_ty = "pesde"
index_url = "https://github.com/pesde-pkg/index"

[graph."pepeeltoro41/ui_labs@2.4.2 roblox"]
direct = ["ui-labs", { name = "pepeeltoro41/ui_labs", version = "^2.3.8", index = "default" }, "standard"]

[graph."pepeeltoro41/ui_labs@2.4.2 roblox".pkg_ref]
ref_ty = "pesde"
index_url = "https://github.com/pesde-pkg/index"

[graph."pesde/rojo@7.6.1 lune".dependencies]
option = ["lukadev_0/option@1.2.1 lune", "standard"]
result = ["lukadev_0/result@1.2.1 lune", "standard"]
toolchainlib = ["pesde/toolchainlib@0.2.2 lune", "standard"]

[graph."pesde/rojo@7.6.1 lune".pkg_ref]
ref_ty = "pesde"
index_url = "https://github.com/pesde-pkg/index"

[graph."pesde/rojo@7.6.1 lune".pkg_ref.dependencies]
option = [{ name = "lukadev_0/option", version = "^1.2.1", index = "https://github.com/pesde-pkg/index" }, "standard"]
result = [{ name = "lukadev_0/result", version = "^1.2.1", index = "https://github.com/pesde-pkg/index" }, "standard"]
toolchainlib = [{ name = "pesde/toolchainlib", version = "^0.2.1", index = "https://github.com/pesde-pkg/index", target = "lune" }, "standard"]

[graph."pesde/scripts_core@0.2.0 lune".pkg_ref]
ref_ty = "pesde"
index_url = "https://github.com/pesde-pkg/index"

[graph."pesde/scripts_core@0.2.0 lune".pkg_ref.dependencies]
argon = [{ name = "pesde/argon", version = "^2.0.26", index = "https://github.com/pesde-pkg/index" }, "dev"]
frktest = [{ name = "itsfrank/frktest", version = "^0.0.4", index = "https://github.com/pesde-pkg/index", target = "luau" }, "dev"]
luau-lsp = [{ name = "pesde/luau_lsp", version = "^1.53.5", index = "https://github.com/pesde-pkg/index" }, "dev"]
pathfs = [{ name = "jiwonz/pathfs", version = "^0.6.0", index = "https://github.com/pesde-pkg/index" }, "dev"]
rojo = [{ name = "pesde/rojo", version = "^7.5.1", index = "https://github.com/pesde-pkg/index" }, "dev"]
stylua = [{ name = "pesde/stylua", version = "^2.2.0", index = "https://github.com/pesde-pkg/index" }, "dev"]

[graph."pesde/scripts_rojo@0.2.0 lune"]
direct = ["scripts", { name = "pesde/scripts_rojo", version = "^0.2.0", index = "default", target = "lune" }, "dev"]

[graph."pesde/scripts_rojo@0.2.0 lune".dependencies]
rojo = ["pesde/rojo@7.6.1 lune", "peer"]
scripts_core = ["pesde/scripts_core@0.2.0 lune", "standard"]

[graph."pesde/scripts_rojo@0.2.0 lune".pkg_ref]
ref_ty = "pesde"
index_url = "https://github.com/pesde-pkg/index"

[graph."pesde/scripts_rojo@0.2.0 lune".pkg_ref.dependencies]
rojo = [{ name = "pesde/rojo", version = "^7.5.1", index = "https://github.com/pesde-pkg/index" }, "peer"]
scripts_core = [{ name = "pesde/scripts_core", version = "^0.2.0", index = "https://github.com/pesde-pkg/index", target = "lune" }, "standard"]

[graph."pesde/toolchainlib@0.2.2 lune".dependencies]
dirs = ["jiwonz/dirs@0.6.0 lune", "standard"]
option = ["lukadev_0/option@1.2.1 lune", "peer"]
pathfs = ["jiwonz/pathfs@0.6.0 lune", "standard"]
result = ["lukadev_0/result@1.2.1 lune", "peer"]
unzip = ["0x5eal/unzip@0.2.0 luau", "standard"]

[graph."pesde/toolchainlib@0.2.2 lune".pkg_ref]
ref_ty = "pesde"
index_url = "https://github.com/pesde-pkg/index"

[graph."pesde/toolchainlib@0.2.2 lune".pkg_ref.dependencies]
dirs = [{ name = "jiwonz/dirs", version = "^0.6.0", index = "https://github.com/pesde-pkg/index" }, "standard"]
option = [{ name = "lukadev_0/option", version = "^1.2.1", index = "https://github.com/pesde-pkg/index" }, "peer"]
pathfs = [{ name = "jiwonz/pathfs", version = "^0.6.0", index = "https://github.com/pesde-pkg/index" }, "standard"]
result = [{ name = "lukadev_0/result", version = "^1.2.1", index = "https://github.com/pesde-pkg/index" }, "peer"]
unzip = [{ name = "0x5eal/unzip", version = "^0.2.0", index = "https://github.com/pesde-pkg/index", target = "luau" }, "standard"]

[graph."wally#alicesaidhi/vide@0.3.1-lite.672 roblox"]
direct = ["vide", { wally = "wally#alicesaidhi/vide", version = "^0.3.1-lite.656", index = "default" }, "standard"]

[graph."wally#alicesaidhi/vide@0.3.1-lite.672 roblox".pkg_ref]
ref_ty = "wally"
index_url = "https://github.com/UpliftGames/wally-index"

[graph."wally#cameronpcampbell/rsml@1.0.10 roblox"]
direct = ["rsml", { wally = "wally#cameronpcampbell/rsml", version = "^1.0.10", index = "default" }, "standard"]

[graph."wally#cameronpcampbell/rsml@1.0.10 roblox".pkg_ref]
ref_ty = "wally"
index_url = "https://github.com/UpliftGames/wally-index"

[graph."wally#csqrl/sift@0.0.11 roblox"]
direct = ["sift", { wally = "wally#csqrl/sift", version = "^0.0.11", index = "default" }, "standard"]

[graph."wally#csqrl/sift@0.0.11 roblox".pkg_ref]
ref_ty = "wally"
index_url = "https://github.com/UpliftGames/wally-index"

[graph."wally#data-oriented-house/lemonsignal@1.11.0 roblox"]
direct = ["signal", { wally = "wally#data-oriented-house/lemonsignal", version = "^1.10.0", index = "default" }, "standard"]

[graph."wally#data-oriented-house/lemonsignal@1.11.0 roblox".pkg_ref]
ref_ty = "wally"
index_url = "https://github.com/UpliftGames/wally-index"

[graph."wally#evaera/promise@4.0.0 roblox".pkg_ref]
ref_ty = "wally"
index_url = "https://github.com/UpliftGames/wally-index"

[graph."wally#howmanysmall/janitor@1.18.3 roblox"]
direct = ["janitor", { wally = "wally#howmanysmall/janitor", version = "^1.18.0", index = "default" }, "standard"]

[graph."wally#howmanysmall/janitor@1.18.3 roblox".dependencies]
Promise = ["wally#howmanysmall/typed-promise@4.0.6 roblox", "standard"]

[graph."wally#howmanysmall/janitor@1.18.3 roblox".pkg_ref]
ref_ty = "wally"
index_url = "https://github.com/UpliftGames/wally-index"

[graph."wally#howmanysmall/janitor@1.18.3 roblox".pkg_ref.dependencies]
Jest = [{ wally = "wally#jsdotlua/jest", version = ">=3.6.1-rc.2, <4.0.0", index = "https://github.com/UpliftGames/wally-index" }, "dev"]
JestGlobals = [{ wally = "wally#jsdotlua/jest-globals", version = ">=3.6.1-rc.2, <4.0.0", index = "https://github.com/UpliftGames/wally-index" }, "dev"]
Promise = [{ wally = "wally#howmanysmall/typed-promise", version = ">=4.0.3, <5.0.0", index = "https://github.com/UpliftGames/wally-index" }, "standard"]

[graph."wally#howmanysmall/typed-promise@4.0.6 roblox"]
direct = ["promise", { wally = "wally#howmanysmall/typed-promise", version = "^4.0.3", index = "default" }, "standard"]

[graph."wally#howmanysmall/typed-promise@4.0.6 roblox".dependencies]
Promise = ["wally#evaera/promise@4.0.0 roblox", "standard"]

[graph."wally#howmanysmall/typed-promise@4.0.6 roblox".pkg_ref]
ref_ty = "wally"
index_url = "https://github.com/UpliftGames/wally-index"

[graph."wally#howmanysmall/typed-promise@4.0.6 roblox".pkg_ref.dependencies]
Promise = [{ wally = "wally#evaera/promise", version = ">=4.0.0, <5.0.0", index = "https://github.com/UpliftGames/wally-index" }, "standard"]

[graph."wally#jsdotlua/collections@1.2.7 roblox"]
direct = ["collections", { wally = "wally#jsdotlua/collections", version = "^1.2.7", index = "default" }, "standard"]

[graph."wally#jsdotlua/collections@1.2.7 roblox".dependencies]
es7-types = ["wally#jsdotlua/es7-types@1.2.7 roblox", "standard"]
instance-of = ["wally#jsdotlua/instance-of@1.2.7 roblox", "standard"]

[graph."wally#jsdotlua/collections@1.2.7 roblox".pkg_ref]
ref_ty = "wally"
index_url = "https://github.com/UpliftGames/wally-index"

[graph."wally#jsdotlua/collections@1.2.7 roblox".pkg_ref.dependencies]
es7-types = [{ wally = "wally#jsdotlua/es7-types", version = ">=1.2.7, <2.0.0", index = "https://github.com/UpliftGames/wally-index" }, "standard"]
instance-of = [{ wally = "wally#jsdotlua/instance-of", version = ">=1.2.7, <2.0.0", index = "https://github.com/UpliftGames/wally-index" }, "standard"]

[graph."wally#jsdotlua/es7-types@1.2.7 roblox".pkg_ref]
ref_ty = "wally"
index_url = "https://github.com/UpliftGames/wally-index"

[graph."wally#jsdotlua/instance-of@1.2.7 roblox".pkg_ref]
ref_ty = "wally"
index_url = "https://github.com/UpliftGames/wally-index"

[graph."wally#littensy/ripple@0.9.3 roblox"]
direct = ["ripple", { wally = "wally#littensy/ripple", version = "^0.9.1", index = "default" }, "standard"]

[graph."wally#littensy/ripple@0.9.3 roblox".dependencies]
Promise = ["wally#evaera/promise@4.0.0 roblox", "standard"]

[graph."wally#littensy/ripple@0.9.3 roblox".pkg_ref]
ref_ty = "wally"
index_url = "https://github.com/UpliftGames/wally-index"

[graph."wally#littensy/ripple@0.9.3 roblox".pkg_ref.dependencies]
Promise = [{ wally = "wally#evaera/promise", version = ">=4.0.0, <5.0.0", index = "https://github.com/UpliftGames/wally-index" }, "standard"]
TestEZ = [{ wally = "wally#roblox/testez", version = ">=0.4.1, <0.5.0", index = "https://github.com/UpliftGames/wally-index" }, "dev"]

[graph."wally#osyrisrblx/t@3.1.1 roblox"]
direct = ["t", { wally = "wally#osyrisrblx/t", version = "^3.1.1", index = "default" }, "standard"]

[graph."wally#osyrisrblx/t@3.1.1 roblox".pkg_ref]
ref_ty = "wally"
index_url = "https://github.com/UpliftGames/wally-index"

[graph."wally#pepeeltoro41/charm-with-dispatchers@0.0.3 roblox"]
direct = ["charm", { wally = "wally#pepeeltoro41/charm-with-dispatchers", version = "^0.0.3", index = "default" }, "standard"]

[graph."wally#pepeeltoro41/charm-with-dispatchers@0.0.3 roblox".pkg_ref]
ref_ty = "wally"
index_url = "https://github.com/UpliftGames/wally-index"

[graph."wally#solarhorizon/immut@0.4.4 roblox"]
direct = ["immut", { wally = "wally#solarhorizon/immut", version = "^0.4.4", index = "default" }, "standard"]

[graph."wally#solarhorizon/immut@0.4.4 roblox".pkg_ref]
ref_ty = "wally"
index_url = "https://github.com/UpliftGames/wally-index"
