# This file is automatically @generated by Wally.
# It is not intended for manual editing.
registry = "test"

[[package]]
name = "csqrl/sift"
version = "0.0.9"
dependencies = []

[[package]]
name = "evaera/promise"
version = "4.0.0"
dependencies = []

[[package]]
name = "howmanysmall/janitor"
version = "1.17.0"
dependencies = [["Promise", "evaera/promise@4.0.0"]]

[[package]]
name = "howmanysmall/typed-promise"
version = "4.0.3"
dependencies = [["Promise", "evaera/promise@4.0.0"]]

[[package]]
name = "jsdotlua/collections"
version = "1.2.7"
dependencies = [["es7-types", "jsdotlua/es7-types@1.2.7"], ["instance-of", "jsdotlua/instance-of@1.2.7"]]

[[package]]
name = "jsdotlua/es7-types"
version = "1.2.7"
dependencies = []

[[package]]
name = "jsdotlua/instance-of"
version = "1.2.7"
dependencies = []

[[package]]
name = "littensy/charm"
version = "0.7.6"
dependencies = [["Promise", "evaera/promise@4.0.0"]]

[[package]]
name = "littensy/ripple"
version = "0.9.1"
dependencies = [["Promise", "evaera/promise@4.0.0"]]

[[package]]
name = "osyrisrblx/t"
version = "3.1.1"
dependencies = []

[[package]]
name = "pepeeltoro41/modded-vide"
version = "0.0.5"
dependencies = []

[[package]]
name = "pepeeltoro41/ui-labs"
version = "2.3.0"
dependencies = []

[[package]]
name = "pepeeltoro41/ui-labs-vide"
version = "0.1.0"
dependencies = [["charm", "littensy/charm@0.7.6"], ["collections", "jsdotlua/collections@1.2.7"], ["immut", "solarhorizon/immut@0.4.4"], ["janitor", "howmanysmall/janitor@1.17.0"], ["promise", "howmanysmall/typed-promise@4.0.3"], ["ripple", "littensy/ripple@0.9.1"], ["sift", "csqrl/sift@0.0.9"], ["signal", "sleitnick/signal@2.0.1"], ["t", "osyrisrblx/t@3.1.1"], ["ui-labs", "pepeeltoro41/ui-labs@2.3.0"], ["vide", "pepeeltoro41/modded-vide@0.0.5"]]

[[package]]
name = "sleitnick/signal"
version = "2.0.1"
dependencies = []

[[package]]
name = "solarhorizon/immut"
version = "0.4.4"
dependencies = []
